
Microsoft Visual Studio Solution File, Format Version 12.00
# Visual Studio Version 17
VisualStudioVersion = 17.9.34607.119
MinimumVisualStudioVersion = 10.0.40219.1
Project("{FAE04EC0-301F-11D3-BF4B-00C04F79EFBC}") = "pryGestion_Contactos", "pryGestion_Contactos\pryGestion_Contactos.csproj", "{275777A8-F5DA-4442-8A01-E378C660D0CC}"
EndProject
Global
	GlobalSection(SolutionConfigurationPlatforms) = preSolution
		Debug|Any CPU = Debug|Any CPU
		Release|Any CPU = Release|Any CPU
	EndGlobalSection
	GlobalSection(ProjectConfigurationPlatforms) = postSolution
		{275777A8-F5DA-4442-8A01-E378C660D0CC}.Debug|Any CPU.ActiveCfg = Debug|Any CPU
		{275777A8-F5DA-4442-8A01-E378C660D0CC}.Debug|Any CPU.Build.0 = Debug|Any CPU
		{275777A8-F5DA-4442-8A01-E378C660D0CC}.Release|Any CPU.ActiveCfg = Release|Any CPU
		{275777A8-F5DA-4442-8A01-E378C660D0CC}.Release|Any CPU.Build.0 = Release|Any CPU
	EndGlobalSection
	GlobalSection(SolutionProperties) = preSolution
		HideSolutionNode = FALSE
	EndGlobalSection
	GlobalSection(ExtensibilityGlobals) = postSolution
		SolutionGuid = {BC84BF9A-C340-4EBF-BF07-2F7E6104221F}
	EndGlobalSection
EndGlobal
